{
  "name": "local-reader",
  "version": "0.1.0",
  "lockfileVersion": 3,
  "requires": true,
  "packages": {
    "": {
      "name": "local-reader",
      "version": "0.1.0",
      "dependencies": {
        "electron": "^33.0.0",
        "epubjs": "^0.3.93",
        "html-to-text": "^9.0.5",
        "iconv-lite": "^0.6.3",
        "jszip": "^3.10.1",
        "pdfjs-dist": "^4.8.69"
      }
    },
    "node_modules/@electron/get": {
      "version": "2.0.3",
      "license": "MIT",
      "dependencies": {
        "debug": "^4.1.1",
        "env-paths": "^2.2.0",
        "fs-extra": "^8.1.0",
        "got": "^11.8.5",
        "progress": "^2.0.3",
        "semver": "^6.2.0",
        "sumchecker": "^3.0.1"
      },
      "engines": {
        "node": ">=12"
      },
      "optionalDependencies": {
        "global-agent": "^3.0.0"
      }
    },
    "node_modules/@napi-rs/canvas": {
      "version": "0.1.100",
      "license": "MIT",
      "optional": true,
      "workspaces": [
        "e2e/*"
      ],
      "engines": {
        "node": ">= 10"
      },
      "funding": {
        "type": "github",
        "url": "https://github.com/sponsors/Brooooooklyn"
      },
      "optionalDependencies": {
        "@napi-rs/canvas-android-arm64": "0.1.100",
        "@napi-rs/canvas-darwin-arm64": "0.1.100",
        "@napi-rs/canvas-darwin-x64": "0.1.100",
        "@napi-rs/canvas-linux-arm-gnueabihf": "0.1.100",
        "@napi-rs/canvas-linux-arm64-gnu": "0.1.100",
        "@napi-rs/canvas-linux-arm64-musl": "0.1.100",
        "@napi-rs/canvas-linux-riscv64-gnu": "0.1.100",
        "@napi-rs/canvas-linux-x64-gnu": "0.1.100",
        "@napi-rs/canvas-linux-x64-musl": "0.1.100",
        "@napi-rs/canvas-win32-arm64-msvc": "0.1.100",
        "@napi-rs/canvas-win32-x64-msvc": "0.1.100"
      }
    },
    "node_modules/@napi-rs/canvas-win32-x64-msvc": {
      "version": "0.1.100",
      "cpu": [
        "x64"
      ],
      "license": "MIT",
      "optional": true,
      "os": [
        "win32"
      ],
      "engines": {
        "node": ">= 10"
      },
      "funding": {
        "type": "github",
        "url": "https://github.com/sponsors/Brooooooklyn"
      }
    },
    "node_modules/@napi-rs/canvas/node_modules/@napi-rs/canvas-android-arm64": {
      "version": "0.1.100",
      "resolved": "https://registry.npmmirror.com/@napi-rs/canvas-android-arm64/-/canvas-android-arm64-0.1.100.tgz",
      "integrity": "sha512-hjhCKhntPv9+t4ckHymdx0phYNcVW+GKQR6Lzw2zE+pOVjOplSmtx9nNNknTjbEDLcuLZqA1y8ufKg1XfgftzQ==",
      "cpu": [
        "arm64"
      ],
      "optional": true,
      "os": [
        "android"
      ],
      "engines": {
        "node": ">= 10"
      },
      "funding": {
        "type": "github",
        "url": "https://github.com/sponsors/Brooooooklyn"
      }
    },
    "node_modules/@napi-rs/canvas/node_modules/@napi-rs/canvas-darwin-arm64": {
      "version": "0.1.100",
      "resolved": "https://registry.npmmirror.com/@napi-rs/canvas-darwin-arm64/-/canvas-darwin-arm64-0.1.100.tgz",
      "integrity": "sha512-2PcswRaC7Ly645DGt88///zuFDhJxJYdKAs1uU3mfk1atYkXufgcgLfBpk6Tm12nCQBaNt1wpybuPZ4qOhTo8A==",
      "cpu": [
        "arm64"
      ],
      "optional": true,
      "os": [
        "darwin"
      ],
      "engines": {
        "node": ">= 10"
      },
      "funding": {
        "type": "github",
        "url": "https://github.com/sponsors/Brooooooklyn"
      }
    },
    "node_modules/@napi-rs/canvas/node_modules/@napi-rs/canvas-darwin-x64": {
      "version": "0.1.100",
      "resolved": "https://registry.npmmirror.com/@napi-rs/canvas-darwin-x64/-/canvas-darwin-x64-0.1.100.tgz",
      "integrity": "sha512-ePNZtj7pNIva/siZMg+HmbeozkIjqUIYdoymH8HaA3qK7LfzFN4WMBM8G6HQ9ZC+H3+Dnn5pqtiXpgLykaPOhw==",
      "cpu": [
        "x64"
      ],
      "optional": true,
      "os": [
        "darwin"
      ],
      "engines": {
        "node": ">= 10"
      },
      "funding": {
        "type": "github",
        "url": "https://github.com/sponsors/Brooooooklyn"
      }
    },
    "node_modules/@napi-rs/canvas/node_modules/@napi-rs/canvas-linux-arm-gnueabihf": {
      "version": "0.1.100",
      "resolved": "https://registry.npmmirror.com/@napi-rs/canvas-linux-arm-gnueabihf/-/canvas-linux-arm-gnueabihf-0.1.100.tgz",
      "integrity": "sha512-d5cDB48oWFGU8/XPhUOFAlySgb/VAu7D+s8fi55K1Pcfg8aPplHWqMgibhVLU8ky7Pyg/fuiVLz4Nf3JrSTuUA==",
      "cpu": [
        "arm"
      ],
      "optional": true,
      "os": [
        "linux"
      ],
      "engines": {
        "node": ">= 10"
      },
      "funding": {
        "type": "github",
        "url": "https://github.com/sponsors/Brooooooklyn"
      }
    },
    "node_modules/@napi-rs/canvas/node_modules/@napi-rs/canvas-linux-arm64-gnu": {
      "version": "0.1.100",
      "resolved": "https://registry.npmmirror.com/@napi-rs/canvas-linux-arm64-gnu/-/canvas-linux-arm64-gnu-0.1.100.tgz",
      "integrity": "sha512-rDxgxRu69RvDlX/bh9o22DxLsGr8EqsNgotL9+RwQE1S0b0cqeatqsw6aW45mukm0B42DIAaAacKaYQ8cqS1nw==",
      "cpu": [
        "arm64"
      ],
      "optional": true,
      "os": [
        "linux"
      ],
      "engines": {
        "node": ">= 10"
      },
      "funding": {
        "type": "github",
        "url": "https://github.com/sponsors/Brooooooklyn"
      }
    },
    "node_modules/@napi-rs/canvas/node_modules/@napi-rs/canvas-linux-arm64-musl": {
      "version": "0.1.100",
      "resolved": "https://registry.npmmirror.com/@napi-rs/canvas-linux-arm64-musl/-/canvas-linux-arm64-musl-0.1.100.tgz",
      "integrity": "sha512-K3mDW66N+xT2/V439u1alFANiBUjdEx2gLiNYnCmUsva5jZMxWTjafBYwTzYK+EMFMHrUoabuU+T1BIP5CgbYQ==",
      "cpu": [
        "arm64"
      ],
      "optional": true,
      "os": [
        "linux"
      ],
      "engines": {
        "node": ">= 10"
      },
      "funding": {
        "type": "github",
        "url": "https://github.com/sponsors/Brooooooklyn"
      }
    },
    "node_modules/@napi-rs/canvas/node_modules/@napi-rs/canvas-linux-riscv64-gnu": {
      "version": "0.1.100",
      "resolved": "https://registry.npmmirror.com/@napi-rs/canvas-linux-riscv64-gnu/-/canvas-linux-riscv64-gnu-0.1.100.tgz",
      "integrity": "sha512-mooqUBTIsccZpnoQC4NgrC1v6C1vof39etLNMnBwCY+p0gajWJvAHLGQ6g/gGyS5YrpDW+GefSN4+Cvcr08UWw==",
      "cpu": [
        "riscv64"
      ],
      "optional": true,
      "os": [
        "linux"
      ],
      "engines": {
        "node": ">= 10"
      },
      "funding": {
        "type": "github",
        "url": "https://github.com/sponsors/Brooooooklyn"
      }
    },
    "node_modules/@napi-rs/canvas/node_modules/@napi-rs/canvas-linux-x64-gnu": {
      "version": "0.1.100",
      "resolved": "https://registry.npmmirror.com/@napi-rs/canvas-linux-x64-gnu/-/canvas-linux-x64-gnu-0.1.100.tgz",
      "integrity": "sha512-1eCvkDCazm7FFhsT7DfGOdSaHgZVK3bt/dSBl5EWHOWmnz+I7j8tPseJqqD81NF+MH21jKUK4wQSDjN0mdhnTg==",
      "cpu": [
        "x64"
      ],
      "optional": true,
      "os": [
        "linux"
      ],
      "engines": {
        "node": ">= 10"
      },
      "funding": {
        "type": "github",
        "url": "https://github.com/sponsors/Brooooooklyn"
      }
    },
    "node_modules/@napi-rs/canvas/node_modules/@napi-rs/canvas-linux-x64-musl": {
      "version": "0.1.100",
      "resolved": "https://registry.npmmirror.com/@napi-rs/canvas-linux-x64-musl/-/canvas-linux-x64-musl-0.1.100.tgz",
      "integrity": "sha512-20arT6lnI19S68qNlii73TSEDbECNgzMz2EpldC1V3mZFuRkeujXkcebRk0LRJe9SEUAooYiLokfMViY8IX7yA==",
      "cpu": [
        "x64"
      ],
      "optional": true,
      "os": [
        "linux"
      ],
      "engines": {
        "node": ">= 10"
      },
      "funding": {
        "type": "github",
        "url": "https://github.com/sponsors/Brooooooklyn"
      }
    },
    "node_modules/@napi-rs/canvas/node_modules/@napi-rs/canvas-win32-arm64-msvc": {
      "version": "0.1.100",
      "resolved": "https://registry.npmmirror.com/@napi-rs/canvas-win32-arm64-msvc/-/canvas-win32-arm64-msvc-0.1.100.tgz",
      "integrity": "sha512-DZFFT1wIAg37LJw37yhMRFfjATd3vTQzjZ1Yki8u2vhO6Hi5VE6BVaGQ1aaDu7xb4iMErz+9EOwjpS7xcxFeBw==",
      "cpu": [
        "arm64"
      ],
      "optional": true,
      "os": [
        "win32"
      ],
      "engines": {
        "node": ">= 10"
      },
      "funding": {
        "type": "github",
        "url": "https://github.com/sponsors/Brooooooklyn"
      }
    },
    "node_modules/@selderee/plugin-htmlparser2": {
      "version": "0.11.0",
      "license": "MIT",
      "dependencies": {
        "domhandler": "^5.0.3",
        "selderee": "^0.11.0"
      },
      "funding": {
        "url": "https://ko-fi.com/killymxi"
      }
    },
    "node_modules/@sindresorhus/is": {
      "version": "4.6.0",
      "license": "MIT",
      "engines": {
        "node": ">=10"
      },
      "funding": {
        "url": "https://github.com/sindresorhus/is?sponsor=1"
      }
    },
    "node_modules/@szmarczak/http-timer": {
      "version": "4.0.6",
      "license": "MIT",
      "dependencies": {
        "defer-to-connect": "^2.0.0"
      },
      "engines": {
        "node": ">=10"
      }
    },
    "node_modules/@types/cacheable-request": {
      "version": "6.0.3",
      "license": "MIT",
      "dependencies": {
        "@types/http-cache-semantics": "*",
        "@types/keyv": "^3.1.4",
        "@types/node": "*",
        "@types/responselike": "^1.0.0"
      }
    },
    "node_modules/@types/http-cache-semantics": {
      "version": "4.2.0",
      "license": "MIT"
    },
    "node_modules/@types/keyv": {
      "version": "3.1.4",
      "license": "MIT",
      "dependencies": {
        "@types/node": "*"
      }
    },
    "node_modules/@types/localforage": {
      "version": "0.0.34",
      "license": "MIT",
      "dependencies": {
        "localforage": "*"
      }
    },
    "node_modules/@types/node": {
      "version": "20.19.43",
      "license": "MIT",
      "dependencies": {
        "undici-types": "~6.21.0"
      }
    },
    "node_modules/@types/responselike": {
      "version": "1.0.3",
      "license": "MIT",
      "dependencies": {
        "@types/node": "*"
      }
    },
    "node_modules/@types/yauzl": {
      "version": "2.10.3",
      "license": "MIT",
      "optional": true,
      "dependencies": {
        "@types/node": "*"
      }
    },
    "node_modules/@xmldom/xmldom": {
      "version": "0.7.13",
      "license": "MIT",
      "engines": {
        "node": ">=10.0.0"
      }
    },
    "node_modules/boolean": {
      "version": "3.2.0",
      "license": "MIT",
      "optional": true
    },
    "node_modules/buffer-crc32": {
      "version": "0.2.13",
      "license": "MIT",
      "engines": {
        "node": "*"
      }
    },
    "node_modules/cacheable-lookup": {
      "version": "5.0.4",
      "license": "MIT",
      "engines": {
        "node": ">=10.6.0"
      }
    },
    "node_modules/cacheable-request": {
      "version": "7.0.4",
      "license": "MIT",
      "dependencies": {
        "clone-response": "^1.0.2",
        "get-stream": "^5.1.0",
        "http-cache-semantics": "^4.0.0",
        "keyv": "^4.0.0",
        "lowercase-keys": "^2.0.0",
        "normalize-url": "^6.0.1",
        "responselike": "^2.0.0"
      },
      "engines": {
        "node": ">=8"
      }
    },
    "node_modules/clone-response": {
      "version": "1.0.3",
      "license": "MIT",
      "dependencies": {
        "mimic-response": "^1.0.0"
      },
      "funding": {
        "url": "https://github.com/sponsors/sindresorhus"
      }
    },
    "node_modules/core-js": {
      "version": "3.50.0",
      "hasInstallScript": true,
      "license": "MIT",
      "engines": {
        "node": "*"
      },
      "funding": {
        "type": "opencollective",
        "url": "https://opencollective.com/core-js"
      }
    },
    "node_modules/core-util-is": {
      "version": "1.0.3",
      "license": "MIT"
    },
    "node_modules/d": {
      "version": "1.0.2",
      "license": "ISC",
      "dependencies": {
        "es5-ext": "^0.10.64",
        "type": "^2.7.2"
      },
      "engines": {
        "node": ">=0.12"
      }
    },
    "node_modules/debug": {
      "version": "4.4.3",
      "license": "MIT",
      "dependencies": {
        "ms": "^2.1.3"
      },
      "engines": {
        "node": ">=6.0"
      },
      "peerDependenciesMeta": {
        "supports-color": {
          "optional": true
        }
      }
    },
    "node_modules/decompress-response": {
      "version": "6.0.0",
      "license": "MIT",
      "dependencies": {
        "mimic-response": "^3.1.0"
      },
      "engines": {
        "node": ">=10"
      },
      "funding": {
        "url": "https://github.com/sponsors/sindresorhus"
      }
    },
    "node_modules/decompress-response/node_modules/mimic-response": {
      "version": "3.1.0",
      "license": "MIT",
      "engines": {
        "node": ">=10"
      },
      "funding": {
        "url": "https://github.com/sponsors/sindresorhus"
      }
    },
    "node_modules/deepmerge": {
      "version": "4.3.1",
      "license": "MIT",
      "engines": {
        "node": ">=0.10.0"
      }
    },
    "node_modules/defer-to-connect": {
      "version": "2.0.1",
      "license": "MIT",
      "engines": {
        "node": ">=10"
      }
    },
    "node_modules/define-data-property": {
      "version": "1.1.4",
      "license": "MIT",
      "optional": true,
      "dependencies": {
        "es-define-property": "^1.0.0",
        "es-errors": "^1.3.0",
        "gopd": "^1.0.1"
      },
      "engines": {
        "node": ">= 0.4"
      },
      "funding": {
        "url": "https://github.com/sponsors/ljharb"
      }
    },
    "node_modules/define-properties": {
      "version": "1.2.1",
      "license": "MIT",
      "optional": true,
      "dependencies": {
        "define-data-property": "^1.0.1",
        "has-property-descriptors": "^1.0.0",
        "object-keys": "^1.1.1"
      },
      "engines": {
        "node": ">= 0.4"
      },
      "funding": {
        "url": "https://github.com/sponsors/ljharb"
      }
    },
    "node_modules/detect-node": {
      "version": "2.1.0",
      "license": "MIT",
      "optional": true
    },
    "node_modules/dom-serializer": {
      "version": "2.0.0",
      "license": "MIT",
      "dependencies": {
        "domelementtype": "^2.3.0",
        "domhandler": "^5.0.2",
        "entities": "^4.2.0"
      },
      "funding": {
        "url": "https://github.com/cheeriojs/dom-serializer?sponsor=1"
      }
    },
    "node_modules/domelementtype": {
      "version": "2.3.0",
      "funding": [
        {
          "type": "github",
          "url": "https://github.com/sponsors/fb55"
        }
      ],
      "license": "BSD-2-Clause"
    },
    "node_modules/domhandler": {
      "version": "5.0.3",
      "license": "BSD-2-Clause",
      "dependencies": {
        "domelementtype": "^2.3.0"
      },
      "engines": {
        "node": ">= 4"
      },
      "funding": {
        "url": "https://github.com/fb55/domhandler?sponsor=1"
      }
    },
    "node_modules/domutils": {
      "version": "3.2.2",
      "license": "BSD-2-Clause",
      "dependencies": {
        "dom-serializer": "^2.0.0",
        "domelementtype": "^2.3.0",
        "domhandler": "^5.0.3"
      },
      "funding": {
        "url": "https://github.com/fb55/domutils?sponsor=1"
      }
    },
    "node_modules/electron": {
      "version": "33.4.11",
      "hasInstallScript": true,
      "license": "MIT",
      "dependencies": {
        "@electron/get": "^2.0.0",
        "@types/node": "^20.9.0",
        "extract-zip": "^2.0.1"
      },
      "bin": {
        "electron": "cli.js"
      },
      "engines": {
        "node": ">= 12.20.55"
      }
    },
    "node_modules/end-of-stream": {
      "version": "1.4.5",
      "license": "MIT",
      "dependencies": {
        "once": "^1.4.0"
      }
    },
    "node_modules/entities": {
      "version": "4.5.0",
      "license": "BSD-2-Clause",
      "engines": {
        "node": ">=0.12"
      },
      "funding": {
        "url": "https://github.com/fb55/entities?sponsor=1"
      }
    },
    "node_modules/env-paths": {
      "version": "2.2.1",
      "license": "MIT",
      "engines": {
        "node": ">=6"
      }
    },
    "node_modules/epubjs": {
      "version": "0.3.93",
      "license": "BSD-2-Clause",
      "dependencies": {
        "@types/localforage": "0.0.34",
        "@xmldom/xmldom": "^0.7.5",
        "core-js": "^3.18.3",
        "event-emitter": "^0.3.5",
        "jszip": "^3.7.1",
        "localforage": "^1.10.0",
        "lodash": "^4.17.21",
        "marks-pane": "^1.0.9",
        "path-webpack": "0.0.3"
      }
    },
    "node_modules/es-define-property": {
      "version": "1.0.1",
      "license": "MIT",
      "optional": true,
      "engines": {
        "node": ">= 0.4"
      }
    },
    "node_modules/es-errors": {
      "version": "1.3.0",
      "license": "MIT",
      "optional": true,
      "engines": {
        "node": ">= 0.4"
      }
    },
    "node_modules/es5-ext": {
      "version": "0.10.64",
      "hasInstallScript": true,
      "license": "ISC",
      "dependencies": {
        "es6-iterator": "^2.0.3",
        "es6-symbol": "^3.1.3",
        "esniff": "^2.0.1",
        "next-tick": "^1.1.0"
      },
      "engines": {
        "node": ">=0.10"
      }
    },
    "node_modules/es6-error": {
      "version": "4.1.1",
      "license": "MIT",
      "optional": true
    },
    "node_modules/es6-iterator": {
      "version": "2.0.3",
      "license": "MIT",
      "dependencies": {
        "d": "1",
        "es5-ext": "^0.10.35",
        "es6-symbol": "^3.1.1"
      }
    },
    "node_modules/es6-symbol": {
      "version": "3.1.4",
      "license": "ISC",
      "dependencies": {
        "d": "^1.0.2",
        "ext": "^1.7.0"
      },
      "engines": {
        "node": ">=0.12"
      }
    },
    "node_modules/escape-string-regexp": {
      "version": "4.0.0",
      "license": "MIT",
      "optional": true,
      "engines": {
        "node": ">=10"
      },
      "funding": {
        "url": "https://github.com/sponsors/sindresorhus"
      }
    },
    "node_modules/esniff": {
      "version": "2.0.1",
      "license": "ISC",
      "dependencies": {
        "d": "^1.0.1",
        "es5-ext": "^0.10.62",
        "event-emitter": "^0.3.5",
        "type": "^2.7.2"
      },
      "engines": {
        "node": ">=0.10"
      }
    },
    "node_modules/event-emitter": {
      "version": "0.3.5",
      "license": "MIT",
      "dependencies": {
        "d": "1",
        "es5-ext": "~0.10.14"
      }
    },
    "node_modules/ext": {
      "version": "1.7.0",
      "license": "ISC",
      "dependencies": {
        "type": "^2.7.2"
      }
    },
    "node_modules/extract-zip": {
      "version": "2.0.1",
      "license": "BSD-2-Clause",
      "dependencies": {
        "debug": "^4.1.1",
        "get-stream": "^5.1.0",
        "yauzl": "^2.10.0"
      },
      "bin": {
        "extract-zip": "cli.js"
      },
      "engines": {
        "node": ">= 10.17.0"
      },
      "optionalDependencies": {
        "@types/yauzl": "^2.9.1"
      }
    },
    "node_modules/fd-slicer": {
      "version": "1.1.0",
      "license": "MIT",
      "dependencies": {
        "pend": "~1.2.0"
      }
    },
    "node_modules/fs-extra": {
      "version": "8.1.0",
      "license": "MIT",
      "dependencies": {
        "graceful-fs": "^4.2.0",
        "jsonfile": "^4.0.0",
        "universalify": "^0.1.0"
      },
      "engines": {
        "node": ">=6 <7 || >=8"
      }
    },
    "node_modules/get-stream": {
      "version": "5.2.0",
      "license": "MIT",
      "dependencies": {
        "pump": "^3.0.0"
      },
      "engines": {
        "node": ">=8"
      },
      "funding": {
        "url": "https://github.com/sponsors/sindresorhus"
      }
    },
    "node_modules/global-agent": {
      "version": "3.0.0",
      "license": "BSD-3-Clause",
      "optional": true,
      "dependencies": {
        "boolean": "^3.0.1",
        "es6-error": "^4.1.1",
        "matcher": "^3.0.0",
        "roarr": "^2.15.3",
        "semver": "^7.3.2",
        "serialize-error": "^7.0.1"
      },
      "engines": {
        "node": ">=10.0"
      }
    },
    "node_modules/global-agent/node_modules/semver": {
      "version": "7.8.5",
      "license": "ISC",
      "optional": true,
      "bin": {
        "semver": "bin/semver.js"
      },
      "engines": {
        "node": ">=10"
      }
    },
    "node_modules/globalthis": {
      "version": "1.0.4",
      "license": "MIT",
      "optional": true,
      "dependencies": {
        "define-properties": "^1.2.1",
        "gopd": "^1.0.1"
      },
      "engines": {
        "node": ">= 0.4"
      },
      "funding": {
        "url": "https://github.com/sponsors/ljharb"
      }
    },
    "node_modules/gopd": {
      "version": "1.2.0",
      "license": "MIT",
      "optional": true,
      "engines": {
        "node": ">= 0.4"
      },
      "funding": {
        "url": "https://github.com/sponsors/ljharb"
      }
    },
    "node_modules/got": {
      "version": "11.8.6",
      "license": "MIT",
      "dependencies": {
        "@sindresorhus/is": "^4.0.0",
        "@szmarczak/http-timer": "^4.0.5",
        "@types/cacheable-request": "^6.0.1",
        "@types/responselike": "^1.0.0",
        "cacheable-lookup": "^5.0.3",
        "cacheable-request": "^7.0.2",
        "decompress-response": "^6.0.0",
        "http2-wrapper": "^1.0.0-beta.5.2",
        "lowercase-keys": "^2.0.0",
        "p-cancelable": "^2.0.0",
        "responselike": "^2.0.0"
      },
      "engines": {
        "node": ">=10.19.0"
      },
      "funding": {
        "url": "https://github.com/sindresorhus/got?sponsor=1"
      }
    },
    "node_modules/graceful-fs": {
      "version": "4.2.11",
      "license": "ISC"
    },
    "node_modules/has-property-descriptors": {
      "version": "1.0.2",
      "license": "MIT",
      "optional": true,
      "dependencies": {
        "es-define-property": "^1.0.0"
      },
      "funding": {
        "url": "https://github.com/sponsors/ljharb"
      }
    },
    "node_modules/html-to-text": {
      "version": "9.0.5",
      "license": "MIT",
      "dependencies": {
        "@selderee/plugin-htmlparser2": "^0.11.0",
        "deepmerge": "^4.3.1",
        "dom-serializer": "^2.0.0",
        "htmlparser2": "^8.0.2",
        "selderee": "^0.11.0"
      },
      "engines": {
        "node": ">=14"
      }
    },
    "node_modules/htmlparser2": {
      "version": "8.0.2",
      "funding": [
        "https://github.com/fb55/htmlparser2?sponsor=1",
        {
          "type": "github",
          "url": "https://github.com/sponsors/fb55"
        }
      ],
      "license": "MIT",
      "dependencies": {
        "domelementtype": "^2.3.0",
        "domhandler": "^5.0.3",
        "domutils": "^3.0.1",
        "entities": "^4.4.0"
      }
    },
    "node_modules/http-cache-semantics": {
      "version": "4.2.0",
      "license": "BSD-2-Clause"
    },
    "node_modules/http2-wrapper": {
      "version": "1.0.3",
      "license": "MIT",
      "dependencies": {
        "quick-lru": "^5.1.1",
        "resolve-alpn": "^1.0.0"
      },
      "engines": {
        "node": ">=10.19.0"
      }
    },
    "node_modules/iconv-lite": {
      "version": "0.6.3",
      "license": "MIT",
      "dependencies": {
        "safer-buffer": ">= 2.1.2 < 3.0.0"
      },
      "engines": {
        "node": ">=0.10.0"
      }
    },
    "node_modules/immediate": {
      "version": "3.0.6",
      "license": "MIT"
    },
    "node_modules/inherits": {
      "version": "2.0.4",
      "license": "ISC"
    },
    "node_modules/isarray": {
      "version": "1.0.0",
      "license": "MIT"
    },
    "node_modules/json-buffer": {
      "version": "3.0.1",
      "license": "MIT"
    },
    "node_modules/json-stringify-safe": {
      "version": "5.0.1",
      "license": "ISC",
      "optional": true
    },
    "node_modules/jsonfile": {
      "version": "4.0.0",
      "license": "MIT",
      "optionalDependencies": {
        "graceful-fs": "^4.1.6"
      }
    },
    "node_modules/jszip": {
      "version": "3.10.1",
      "license": "(MIT OR GPL-3.0-or-later)",
      "dependencies": {
        "lie": "~3.3.0",
        "pako": "~1.0.2",
        "readable-stream": "~2.3.6",
        "setimmediate": "^1.0.5"
      }
    },
    "node_modules/keyv": {
      "version": "4.5.4",
      "license": "MIT",
      "dependencies": {
        "json-buffer": "3.0.1"
      }
    },
    "node_modules/leac": {
      "version": "0.6.0",
      "license": "MIT",
      "funding": {
        "url": "https://ko-fi.com/killymxi"
      }
    },
    "node_modules/lie": {
      "version": "3.3.0",
      "license": "MIT",
      "dependencies": {
        "immediate": "~3.0.5"
      }
    },
    "node_modules/localforage": {
      "version": "1.10.0",
      "license": "Apache-2.0",
      "dependencies": {
        "lie": "3.1.1"
      }
    },
    "node_modules/localforage/node_modules/lie": {
      "version": "3.1.1",
      "license": "MIT",
      "dependencies": {
        "immediate": "~3.0.5"
      }
    },
    "node_modules/lodash": {
      "version": "4.18.1",
      "license": "MIT"
    },
    "node_modules/lowercase-keys": {
      "version": "2.0.0",
      "license": "MIT",
      "engines": {
        "node": ">=8"
      }
    },
    "node_modules/marks-pane": {
      "version": "1.0.9",
      "license": "MIT"
    },
    "node_modules/matcher": {
      "version": "3.0.0",
      "license": "MIT",
      "optional": true,
      "dependencies": {
        "escape-string-regexp": "^4.0.0"
      },
      "engines": {
        "node": ">=10"
      }
    },
    "node_modules/mimic-response": {
      "version": "1.0.1",
      "license": "MIT",
      "engines": {
        "node": ">=4"
      }
    },
    "node_modules/ms": {
      "version": "2.1.3",
      "license": "MIT"
    },
    "node_modules/next-tick": {
      "version": "1.1.0",
      "license": "ISC"
    },
    "node_modules/normalize-url": {
      "version": "6.1.0",
      "license": "MIT",
      "engines": {
        "node": ">=10"
      },
      "funding": {
        "url": "https://github.com/sponsors/sindresorhus"
      }
    },
    "node_modules/object-keys": {
      "version": "1.1.1",
      "license": "MIT",
      "optional": true,
      "engines": {
        "node": ">= 0.4"
      }
    },
    "node_modules/once": {
      "version": "1.4.0",
      "license": "ISC",
      "dependencies": {
        "wrappy": "1"
      }
    },
    "node_modules/p-cancelable": {
      "version": "2.1.1",
      "license": "MIT",
      "engines": {
        "node": ">=8"
      }
    },
    "node_modules/pako": {
      "version": "1.0.11",
      "license": "(MIT AND Zlib)"
    },
    "node_modules/parseley": {
      "version": "0.12.1",
      "license": "MIT",
      "dependencies": {
        "leac": "^0.6.0",
        "peberminta": "^0.9.0"
      },
      "funding": {
        "url": "https://ko-fi.com/killymxi"
      }
    },
    "node_modules/path-webpack": {
      "version": "0.0.3",
      "license": "MIT"
    },
    "node_modules/pdfjs-dist": {
      "version": "4.10.38",
      "license": "Apache-2.0",
      "engines": {
        "node": ">=20"
      },
      "optionalDependencies": {
        "@napi-rs/canvas": "^0.1.65"
      }
    },
    "node_modules/peberminta": {
      "version": "0.9.0",
      "license": "MIT",
      "funding": {
        "url": "https://ko-fi.com/killymxi"
      }
    },
    "node_modules/pend": {
      "version": "1.2.0",
      "license": "MIT"
    },
    "node_modules/process-nextick-args": {
      "version": "2.0.1",
      "license": "MIT"
    },
    "node_modules/progress": {
      "version": "2.0.3",
      "license": "MIT",
      "engines": {
        "node": ">=0.4.0"
      }
    },
    "node_modules/pump": {
      "version": "3.0.4",
      "license": "MIT",
      "dependencies": {
        "end-of-stream": "^1.1.0",
        "once": "^1.3.1"
      }
    },
    "node_modules/quick-lru": {
      "version": "5.1.1",
      "license": "MIT",
      "engines": {
        "node": ">=10"
      },
      "funding": {
        "url": "https://github.com/sponsors/sindresorhus"
      }
    },
    "node_modules/readable-stream": {
      "version": "2.3.8",
      "license": "MIT",
      "dependencies": {
        "core-util-is": "~1.0.0",
        "inherits": "~2.0.3",
        "isarray": "~1.0.0",
        "process-nextick-args": "~2.0.0",
        "safe-buffer": "~5.1.1",
        "string_decoder": "~1.1.1",
        "util-deprecate": "~1.0.1"
      }
    },
    "node_modules/resolve-alpn": {
      "version": "1.2.1",
      "license": "MIT"
    },
    "node_modules/responselike": {
      "version": "2.0.1",
      "license": "MIT",
      "dependencies": {
        "lowercase-keys": "^2.0.0"
      },
      "funding": {
        "url": "https://github.com/sponsors/sindresorhus"
      }
    },
    "node_modules/roarr": {
      "version": "2.15.4",
      "license": "BSD-3-Clause",
      "optional": true,
      "dependencies": {
        "boolean": "^3.0.1",
        "detect-node": "^2.0.4",
        "globalthis": "^1.0.1",
        "json-stringify-safe": "^5.0.1",
        "semver-compare": "^1.0.0",
        "sprintf-js": "^1.1.2"
      },
      "engines": {
        "node": ">=8.0"
      }
    },
    "node_modules/safe-buffer": {
      "version": "5.1.2",
      "license": "MIT"
    },
    "node_modules/safer-buffer": {
      "version": "2.1.2",
      "license": "MIT"
    },
    "node_modules/selderee": {
      "version": "0.11.0",
      "license": "MIT",
      "dependencies": {
        "parseley": "^0.12.0"
      },
      "funding": {
        "url": "https://ko-fi.com/killymxi"
      }
    },
    "node_modules/semver": {
      "version": "6.3.1",
      "license": "ISC",
      "bin": {
        "semver": "bin/semver.js"
      }
    },
    "node_modules/semver-compare": {
      "version": "1.0.0",
      "license": "MIT",
      "optional": true
    },
    "node_modules/serialize-error": {
      "version": "7.0.1",
      "license": "MIT",
      "optional": true,
      "dependencies": {
        "type-fest": "^0.13.1"
      },
      "engines": {
        "node": ">=10"
      },
      "funding": {
        "url": "https://github.com/sponsors/sindresorhus"
      }
    },
    "node_modules/setimmediate": {
      "version": "1.0.5",
      "license": "MIT"
    },
    "node_modules/sprintf-js": {
      "version": "1.1.3",
      "license": "BSD-3-Clause",
      "optional": true
    },
    "node_modules/string_decoder": {
      "version": "1.1.1",
      "license": "MIT",
      "dependencies": {
        "safe-buffer": "~5.1.0"
      }
    },
    "node_modules/sumchecker": {
      "version": "3.0.1",
      "license": "Apache-2.0",
      "dependencies": {
        "debug": "^4.1.0"
      },
      "engines": {
        "node": ">= 8.0"
      }
    },
    "node_modules/type": {
      "version": "2.7.3",
      "license": "ISC"
    },
    "node_modules/type-fest": {
      "version": "0.13.1",
      "license": "(MIT OR CC0-1.0)",
      "optional": true,
      "engines": {
        "node": ">=10"
      },
      "funding": {
        "url": "https://github.com/sponsors/sindresorhus"
      }
    },
    "node_modules/undici-types": {
      "version": "6.21.0",
      "license": "MIT"
    },
    "node_modules/universalify": {
      "version": "0.1.2",
      "license": "MIT",
      "engines": {
        "node": ">= 4.0.0"
      }
    },
    "node_modules/util-deprecate": {
      "version": "1.0.2",
      "license": "MIT"
    },
    "node_modules/wrappy": {
      "version": "1.0.2",
      "license": "ISC"
    },
    "node_modules/yauzl": {
      "version": "2.10.0",
      "license": "MIT",
      "dependencies": {
        "buffer-crc32": "~0.2.3",
        "fd-slicer": "~1.1.0"
      }
    }
  }
}
